
Microsoft Visual Studio Solution File, Format Version 12.00
# Visual Studio Version 16
VisualStudioVersion = 16.0.30320.27
MinimumVisualStudioVersion = 10.0.40219.1
Project("{FAE04EC0-301F-11D3-BF4B-00C04F79EFBC}") = "Carrera.Hilos", "Carrera.Hilos\Carrera.Hilos.csproj", "{3C538F2B-5FE3-473B-BCA5-94522A8F3DE7}"
EndProject
Global
	GlobalSection(SolutionConfigurationPlatforms) = preSolution
		Debug|Any CPU = Debug|Any CPU
		Release|Any CPU = Release|Any CPU
	EndGlobalSection
	GlobalSection(ProjectConfigurationPlatforms) = postSolution
		{3C538F2B-5FE3-473B-BCA5-94522A8F3DE7}.Debug|Any CPU.ActiveCfg = Debug|Any CPU
		{3C538F2B-5FE3-473B-BCA5-94522A8F3DE7}.Debug|Any CPU.Build.0 = Debug|Any CPU
		{3C538F2B-5FE3-473B-BCA5-94522A8F3DE7}.Release|Any CPU.ActiveCfg = Release|Any CPU
		{3C538F2B-5FE3-473B-BCA5-94522A8F3DE7}.Release|Any CPU.Build.0 = Release|Any CPU
	EndGlobalSection
	GlobalSection(SolutionProperties) = preSolution
		HideSolutionNode = FALSE
	EndGlobalSection
	GlobalSection(ExtensibilityGlobals) = postSolution
		SolutionGuid = {E3787232-63D4-4DE1-885F-62FAD2C91EC3}
	EndGlobalSection
EndGlobal
